
Microsoft Visual Studio Solution File, Format Version 12.00
# Visual Studio 15
VisualStudioVersion = 15.0.27004.2009
MinimumVisualStudioVersion = 10.0.40219.1
Project("{F2A71F9B-5D33-465A-A702-920D77279786}") = "1", "1\1.fsproj", "{D67B9EC6-EF11-44E7-872A-5A1046393CD5}"
EndProject
Project("{F2A71F9B-5D33-465A-A702-920D77279786}") = "2", "2\2.fsproj", "{F09572A2-DF6B-4BFB-B3CD-302F43DD992C}"
EndProject
Project("{FAE04EC0-301F-11D3-BF4B-00C04F79EFBC}") = "3", "3\3.csproj", "{FD02AF65-2F11-4BAA-A103-66B959A2D039}"
EndProject
Global
	GlobalSection(SolutionConfigurationPlatforms) = preSolution
		Debug|Any CPU = Debug|Any CPU
		Release|Any CPU = Release|Any CPU
	EndGlobalSection
	GlobalSection(ProjectConfigurationPlatforms) = postSolution
		{D67B9EC6-EF11-44E7-872A-5A1046393CD5}.Debug|Any CPU.ActiveCfg = Debug|Any CPU
		{D67B9EC6-EF11-44E7-872A-5A1046393CD5}.Debug|Any CPU.Build.0 = Debug|Any CPU
		{D67B9EC6-EF11-44E7-872A-5A1046393CD5}.Release|Any CPU.ActiveCfg = Release|Any CPU
		{D67B9EC6-EF11-44E7-872A-5A1046393CD5}.Release|Any CPU.Build.0 = Release|Any CPU
		{F09572A2-DF6B-4BFB-B3CD-302F43DD992C}.Debug|Any CPU.ActiveCfg = Debug|Any CPU
		{F09572A2-DF6B-4BFB-B3CD-302F43DD992C}.Debug|Any CPU.Build.0 = Debug|Any CPU
		{F09572A2-DF6B-4BFB-B3CD-302F43DD992C}.Release|Any CPU.ActiveCfg = Release|Any CPU
		{F09572A2-DF6B-4BFB-B3CD-302F43DD992C}.Release|Any CPU.Build.0 = Release|Any CPU
		{FD02AF65-2F11-4BAA-A103-66B959A2D039}.Debug|Any CPU.ActiveCfg = Debug|Any CPU
		{FD02AF65-2F11-4BAA-A103-66B959A2D039}.Debug|Any CPU.Build.0 = Debug|Any CPU
		{FD02AF65-2F11-4BAA-A103-66B959A2D039}.Release|Any CPU.ActiveCfg = Release|Any CPU
		{FD02AF65-2F11-4BAA-A103-66B959A2D039}.Release|Any CPU.Build.0 = Release|Any CPU
	EndGlobalSection
	GlobalSection(SolutionProperties) = preSolution
		HideSolutionNode = FALSE
	EndGlobalSection
	GlobalSection(ExtensibilityGlobals) = postSolution
		SolutionGuid = {1A7A166D-8B64-4AF4-9C07-51AEB0E1FE55}
	EndGlobalSection
EndGlobal
